
Microsoft Visual Studio Solution File, Format Version 12.00
# Visual Studio 2012
Project("{2150E333-8FDC-42A3-9474-1A3956D46DE8}") = ".nuget", ".nuget", "{B3356747-79B2-4B49-930B-A260BFA9B32A}"
	ProjectSection(SolutionItems) = preProject
		.nuget\NuGet.Config = .nuget\NuGet.Config
		.nuget\NuGet.exe = .nuget\NuGet.exe
		.nuget\NuGet.targets = .nuget\NuGet.targets
	EndProjectSection
EndProject
Project("{FAE04EC0-301F-11D3-BF4B-00C04F79EFBC}") = "MinesweeperEngine", "MinesweeperEngine\MinesweeperEngine.csproj", "{44FB4E39-2FDE-438C-A2AF-3B6122DED0D9}"
EndProject
Project("{FAE04EC0-301F-11D3-BF4B-00C04F79EFBC}") = "MinesweeperEngineTests", "MinesweeperEngineTests\MinesweeperEngineTests.csproj", "{3ADA2CD5-95DC-41D1-A837-DBE14D1E54D7}"
EndProject
Project("{FAE04EC0-301F-11D3-BF4B-00C04F79EFBC}") = "Minesweeper", "Minesweeper\Minesweeper.csproj", "{3C5D3965-1E7F-4B5F-A8E3-10C6AADDA4A2}"
EndProject
Global
	GlobalSection(SolutionConfigurationPlatforms) = preSolution
		Debug|Any CPU = Debug|Any CPU
		Release|Any CPU = Release|Any CPU
	EndGlobalSection
	GlobalSection(ProjectConfigurationPlatforms) = postSolution
		{44FB4E39-2FDE-438C-A2AF-3B6122DED0D9}.Debug|Any CPU.ActiveCfg = Debug|Any CPU
		{44FB4E39-2FDE-438C-A2AF-3B6122DED0D9}.Debug|Any CPU.Build.0 = Debug|Any CPU
		{44FB4E39-2FDE-438C-A2AF-3B6122DED0D9}.Release|Any CPU.ActiveCfg = Release|Any CPU
		{44FB4E39-2FDE-438C-A2AF-3B6122DED0D9}.Release|Any CPU.Build.0 = Release|Any CPU
		{3ADA2CD5-95DC-41D1-A837-DBE14D1E54D7}.Debug|Any CPU.ActiveCfg = Debug|Any CPU
		{3ADA2CD5-95DC-41D1-A837-DBE14D1E54D7}.Debug|Any CPU.Build.0 = Debug|Any CPU
		{3ADA2CD5-95DC-41D1-A837-DBE14D1E54D7}.Release|Any CPU.ActiveCfg = Release|Any CPU
		{3ADA2CD5-95DC-41D1-A837-DBE14D1E54D7}.Release|Any CPU.Build.0 = Release|Any CPU
		{3C5D3965-1E7F-4B5F-A8E3-10C6AADDA4A2}.Debug|Any CPU.ActiveCfg = Debug|Any CPU
		{3C5D3965-1E7F-4B5F-A8E3-10C6AADDA4A2}.Debug|Any CPU.Build.0 = Debug|Any CPU
		{3C5D3965-1E7F-4B5F-A8E3-10C6AADDA4A2}.Release|Any CPU.ActiveCfg = Release|Any CPU
		{3C5D3965-1E7F-4B5F-A8E3-10C6AADDA4A2}.Release|Any CPU.Build.0 = Release|Any CPU
	EndGlobalSection
	GlobalSection(SolutionProperties) = preSolution
		HideSolutionNode = FALSE
	EndGlobalSection
EndGlobal
